<?xml version="1.0" encoding="utf-8"?>
<Project ToolsVersion="4.0" xmlns="http://schemas.microsoft.com/developer/msbuild/2003">
  <ItemGroup>
    <Filter Include="Source Files">
      <UniqueIdentifier>{4FC737F1-C7A5-4376-A066-2A32D752A2FF}</UniqueIdentifier>
      <Extensions>cpp;c;cc;cxx;def;odl;idl;hpj;bat;asm;asmx</Extensions>
    </Filter>
    <Filter Include="Header Files">
      <UniqueIdentifier>{93995380-89BD-4b04-88EB-625FBE52EBFB}</UniqueIdentifier>
      <Extensions>h;hh;hpp;hxx;hm;inl;inc;ipp;xsd</Extensions>
    </Filter>
    <Filter Include="Doc Files">
      <UniqueIdentifier>{cecfe1d4-925f-4f75-87f6-758e0c6ce460}</UniqueIdentifier>
    </Filter>
  </ItemGroup>
  <ItemGroup>
    <ClInclude Include="include\coll_exception.h">
      <Filter>Header Files</Filter>
    </ClInclude>
    <ClInclude Include="include\collector.h">
      <Filter>Header Files</Filter>
    </ClInclude>
    <ClInclude Include="include\dealer.h">
      <Filter>Header Files</Filter>
    </ClInclude>
    <ClInclude Include="include\net_exception.h">
      <Filter>Header Files</Filter>
    </ClInclude>
    <ClInclude Include="include\receiver.h">
      <Filter>Header Files</Filter>
    </ClInclude>
    <ClInclude Include="include\recv_exception.h">
      <Filter>Header Files</Filter>
    </ClInclude>
    <ClInclude Include="include\sized_buffer.h">
      <Filter>Header Files</Filter>
    </ClInclude>
    <ClInclude Include="include\sock_exception.h">
      <Filter>Header Files</Filter>
    </ClInclude>
    <ClInclude Include="include\socket_utils.h">
      <Filter>Header Files</Filter>
    </ClInclude>
    <ClInclude Include="include\sync_queue.h">
      <Filter>Header Files</Filter>
    </ClInclude>
    <ClInclude Include="include\worker.h">
      <Filter>Header Files</Filter>
    </ClInclude>
    <ClInclude Include="include\connection_set.h">
      <Filter>Header Files</Filter>
    </ClInclude>
    <ClInclude Include="include\wwsadata.h">
      <Filter>Header Files</Filter>
    </ClInclude>
  </ItemGroup>
  <ItemGroup>
    <ClCompile Include="src\collector.cpp">
      <Filter>Source Files</Filter>
    </ClCompile>
    <ClCompile Include="src\dealer.cpp">
      <Filter>Source Files</Filter>
    </ClCompile>
    <ClCompile Include="src\receiver.cpp">
      <Filter>Source Files</Filter>
    </ClCompile>
    <ClCompile Include="src\socket_utils.cpp">
      <Filter>Source Files</Filter>
    </ClCompile>
    <ClCompile Include="src\worker.cpp">
      <Filter>Source Files</Filter>
    </ClCompile>
    <ClCompile Include="src\connection_set.cpp">
      <Filter>Source Files</Filter>
    </ClCompile>
  </ItemGroup>
  <ItemGroup>
    <None Include="README.md">
      <Filter>Doc Files</Filter>
    </None>
  </ItemGroup>
</Project>