
Microsoft Visual Studio Solution File, Format Version 12.00
# Visual Studio 15
VisualStudioVersion = 15.0.27703.2000
MinimumVisualStudioVersion = 10.0.40219.1
Project("{8BC9CEB8-8B4A-11D0-8D11-00A0C91BC942}") = "wifi_watchdog_analyzer", "wifi_watchdog_analyzer.vcxproj", "{C23F8814-7BE5-4F64-A00E-DB323782A094}"
EndProject
Project("{8BC9CEB8-8B4A-11D0-8D11-00A0C91BC942}") = "db", "src\db\db.vcxproj", "{A9075BA3-27F2-471D-9C19-40C13BA9E9E9}"
EndProject
Project("{8BC9CEB8-8B4A-11D0-8D11-00A0C91BC942}") = "log", "src\log\log.vcxproj", "{3B6CE533-210E-43E4-A884-A6826C8DACBE}"
EndProject
Project("{8BC9CEB8-8B4A-11D0-8D11-00A0C91BC942}") = "utils", "src\utils\utils.vcxproj", "{9C21B822-3FBB-4A85-90CE-0812C07F6217}"
EndProject
Project("{8BC9CEB8-8B4A-11D0-8D11-00A0C91BC942}") = "conf", "src\conf\conf.vcxproj", "{93CD3A4B-F7F5-4FEA-8FBE-5908ECC84462}"
EndProject
Global
	GlobalSection(SolutionConfigurationPlatforms) = preSolution
		Debug|x64 = Debug|x64
		Debug|x86 = Debug|x86
		Release|x64 = Release|x64
		Release|x86 = Release|x86
	EndGlobalSection
	GlobalSection(ProjectConfigurationPlatforms) = postSolution
		{C23F8814-7BE5-4F64-A00E-DB323782A094}.Debug|x64.ActiveCfg = Debug|x64
		{C23F8814-7BE5-4F64-A00E-DB323782A094}.Debug|x64.Build.0 = Debug|x64
		{C23F8814-7BE5-4F64-A00E-DB323782A094}.Debug|x86.ActiveCfg = Debug|x64
		{C23F8814-7BE5-4F64-A00E-DB323782A094}.Release|x64.ActiveCfg = Release|x64
		{C23F8814-7BE5-4F64-A00E-DB323782A094}.Release|x64.Build.0 = Release|x64
		{C23F8814-7BE5-4F64-A00E-DB323782A094}.Release|x86.ActiveCfg = Release|x64
		{A9075BA3-27F2-471D-9C19-40C13BA9E9E9}.Debug|x64.ActiveCfg = Debug|x64
		{A9075BA3-27F2-471D-9C19-40C13BA9E9E9}.Debug|x64.Build.0 = Debug|x64
		{A9075BA3-27F2-471D-9C19-40C13BA9E9E9}.Debug|x86.ActiveCfg = Debug|x64
		{A9075BA3-27F2-471D-9C19-40C13BA9E9E9}.Release|x64.ActiveCfg = Release|x64
		{A9075BA3-27F2-471D-9C19-40C13BA9E9E9}.Release|x64.Build.0 = Release|x64
		{A9075BA3-27F2-471D-9C19-40C13BA9E9E9}.Release|x86.ActiveCfg = Release|x64
		{3B6CE533-210E-43E4-A884-A6826C8DACBE}.Debug|x64.ActiveCfg = Debug|x64
		{3B6CE533-210E-43E4-A884-A6826C8DACBE}.Debug|x64.Build.0 = Debug|x64
		{3B6CE533-210E-43E4-A884-A6826C8DACBE}.Debug|x86.ActiveCfg = Debug|x64
		{3B6CE533-210E-43E4-A884-A6826C8DACBE}.Release|x64.ActiveCfg = Release|x64
		{3B6CE533-210E-43E4-A884-A6826C8DACBE}.Release|x64.Build.0 = Release|x64
		{3B6CE533-210E-43E4-A884-A6826C8DACBE}.Release|x86.ActiveCfg = Release|x64
		{9C21B822-3FBB-4A85-90CE-0812C07F6217}.Debug|x64.ActiveCfg = Debug|x64
		{9C21B822-3FBB-4A85-90CE-0812C07F6217}.Debug|x64.Build.0 = Debug|x64
		{9C21B822-3FBB-4A85-90CE-0812C07F6217}.Debug|x86.ActiveCfg = Debug|x64
		{9C21B822-3FBB-4A85-90CE-0812C07F6217}.Release|x64.ActiveCfg = Release|x64
		{9C21B822-3FBB-4A85-90CE-0812C07F6217}.Release|x64.Build.0 = Release|x64
		{9C21B822-3FBB-4A85-90CE-0812C07F6217}.Release|x86.ActiveCfg = Release|x64
		{93CD3A4B-F7F5-4FEA-8FBE-5908ECC84462}.Debug|x64.ActiveCfg = Debug|x64
		{93CD3A4B-F7F5-4FEA-8FBE-5908ECC84462}.Debug|x64.Build.0 = Debug|x64
		{93CD3A4B-F7F5-4FEA-8FBE-5908ECC84462}.Debug|x86.ActiveCfg = Debug|x64
		{93CD3A4B-F7F5-4FEA-8FBE-5908ECC84462}.Release|x64.ActiveCfg = Release|x64
		{93CD3A4B-F7F5-4FEA-8FBE-5908ECC84462}.Release|x64.Build.0 = Release|x64
		{93CD3A4B-F7F5-4FEA-8FBE-5908ECC84462}.Release|x86.ActiveCfg = Release|x64
	EndGlobalSection
	GlobalSection(SolutionProperties) = preSolution
		HideSolutionNode = FALSE
	EndGlobalSection
	GlobalSection(ExtensibilityGlobals) = postSolution
		SolutionGuid = {904AA789-304A-4AEA-BBF1-8F825E91343D}
	EndGlobalSection
EndGlobal
