
Microsoft Visual Studio Solution File, Format Version 12.00
# Visual Studio 15
VisualStudioVersion = 15.0.27703.2026
MinimumVisualStudioVersion = 10.0.40219.1
Project("{8BC9CEB8-8B4A-11D0-8D11-00A0C91BC942}") = "wifi_watchdog_analyzer", "src\wifi_watchdog_analyzer.vcxproj", "{2BCC92AE-0A2D-4DF6-BFCA-6395BC49D64E}"
EndProject
Global
	GlobalSection(SolutionConfigurationPlatforms) = preSolution
		Debug|x64 = Debug|x64
		Debug|x86 = Debug|x86
		Release|x64 = Release|x64
		Release|x86 = Release|x86
	EndGlobalSection
	GlobalSection(ProjectConfigurationPlatforms) = postSolution
		{2BCC92AE-0A2D-4DF6-BFCA-6395BC49D64E}.Debug|x64.ActiveCfg = Debug|x64
		{2BCC92AE-0A2D-4DF6-BFCA-6395BC49D64E}.Debug|x64.Build.0 = Debug|x64
		{2BCC92AE-0A2D-4DF6-BFCA-6395BC49D64E}.Debug|x86.ActiveCfg = Debug|Win32
		{2BCC92AE-0A2D-4DF6-BFCA-6395BC49D64E}.Debug|x86.Build.0 = Debug|Win32
		{2BCC92AE-0A2D-4DF6-BFCA-6395BC49D64E}.Release|x64.ActiveCfg = Release|x64
		{2BCC92AE-0A2D-4DF6-BFCA-6395BC49D64E}.Release|x64.Build.0 = Release|x64
		{2BCC92AE-0A2D-4DF6-BFCA-6395BC49D64E}.Release|x86.ActiveCfg = Release|Win32
		{2BCC92AE-0A2D-4DF6-BFCA-6395BC49D64E}.Release|x86.Build.0 = Release|Win32
	EndGlobalSection
	GlobalSection(SolutionProperties) = preSolution
		HideSolutionNode = FALSE
	EndGlobalSection
	GlobalSection(ExtensibilityGlobals) = postSolution
		SolutionGuid = {0607F933-5B5C-4C52-B650-2D53AE60CE30}
	EndGlobalSection
EndGlobal
