<?xml version="1.0" encoding="utf-8"?>
<Project ToolsVersion="4.0" xmlns="http://schemas.microsoft.com/developer/msbuild/2003">
  <ItemGroup>
    <Filter Include="Source Files">
      <UniqueIdentifier>{4FC737F1-C7A5-4376-A066-2A32D752A2FF}</UniqueIdentifier>
      <Extensions>cpp;c;cc;cxx;def;odl;idl;hpj;bat;asm;asmx</Extensions>
    </Filter>
    <Filter Include="Header Files">
      <UniqueIdentifier>{93995380-89BD-4b04-88EB-625FBE52EBFB}</UniqueIdentifier>
      <Extensions>h;hh;hpp;hxx;hm;inl;inc;ipp;xsd</Extensions>
    </Filter>
  </ItemGroup>
  <ItemGroup>
    <ClCompile Include="src\configuration.cpp">
      <Filter>Source Files</Filter>
    </ClCompile>
    <ClCompile Include="src\xml_anchors.cpp">
      <Filter>Source Files</Filter>
    </ClCompile>
    <ClCompile Include="src\xml_processor.cpp">
      <Filter>Source Files</Filter>
    </ClCompile>
    <ClCompile Include="src\xml_properties.cpp">
      <Filter>Source Files</Filter>
    </ClCompile>
  </ItemGroup>
  <ItemGroup>
    <ClInclude Include="src\xml_anchors.h">
      <Filter>Header Files</Filter>
    </ClInclude>
    <ClInclude Include="src\xml_macros.h">
      <Filter>Header Files</Filter>
    </ClInclude>
    <ClInclude Include="src\xml_processor.h">
      <Filter>Header Files</Filter>
    </ClInclude>
    <ClInclude Include="src\xml_properties.h">
      <Filter>Header Files</Filter>
    </ClInclude>
    <ClInclude Include="include\cfg.h">
      <Filter>Header Files</Filter>
    </ClInclude>
    <ClInclude Include="include\conf_exception.h">
      <Filter>Header Files</Filter>
    </ClInclude>
    <ClInclude Include="include\configurable.h">
      <Filter>Header Files</Filter>
    </ClInclude>
    <ClInclude Include="include\configuration.h">
      <Filter>Header Files</Filter>
    </ClInclude>
    <ClInclude Include="include\properties.h">
      <Filter>Header Files</Filter>
    </ClInclude>
    <ClInclude Include="ext\rapidxml\rapidxml.hpp">
      <Filter>Header Files</Filter>
    </ClInclude>
    <ClInclude Include="ext\rapidxml\rapidxml_iterators.hpp">
      <Filter>Header Files</Filter>
    </ClInclude>
    <ClInclude Include="ext\rapidxml\rapidxml_print.hpp">
      <Filter>Header Files</Filter>
    </ClInclude>
    <ClInclude Include="ext\rapidxml\rapidxml_utils.hpp">
      <Filter>Header Files</Filter>
    </ClInclude>
  </ItemGroup>
</Project>